// !$*UTF8*$!
{
	archiveVersion = 1;
	classes = {
	};
	objectVersion = 55;
	objects = {

/* Begin PBXBuildFile section */
		6A11501D2853242E00FDEA42 /* AppDelegate.swift in Sources */ = {isa = PBXBuildFile; fileRef = 6A11501C2853242E00FDEA42 /* AppDelegate.swift */; };
		6A11501F2853242E00FDEA42 /* SceneDelegate.swift in Sources */ = {isa = PBXBuildFile; fileRef = 6A11501E2853242E00FDEA42 /* SceneDelegate.swift */; };
		6A1150212853242E00FDEA42 /* CategoriesListViewController.swift in Sources */ = {isa = PBXBuildFile; fileRef = 6A1150202853242E00FDEA42 /* CategoriesListViewController.swift */; };
		6A1150242853242E00FDEA42 /* CategoriesListViewController.storyboard in Resources */ = {isa = PBXBuildFile; fileRef = 6A1150222853242E00FDEA42 /* CategoriesListViewController.storyboard */; };
		6A1150262853243700FDEA42 /* Icon.xcassets in Resources */ = {isa = PBXBuildFile; fileRef = 6A1150252853243700FDEA42 /* Icon.xcassets */; };
		6A1150292853243700FDEA42 /* LaunchScreen.storyboard in Resources */ = {isa = PBXBuildFile; fileRef = 6A1150272853243700FDEA42 /* LaunchScreen.storyboard */; };
		6A1150322853248100FDEA42 /* ios-challenge-words-booster.json in Resources */ = {isa = PBXBuildFile; fileRef = 6A1150312853248100FDEA42 /* ios-challenge-words-booster.json */; };
		6A1150372853279200FDEA42 /* Colors.xcassets in Resources */ = {isa = PBXBuildFile; fileRef = 6A1150362853279200FDEA42 /* Colors.xcassets */; };
		6A11503B2853282000FDEA42 /* CategoriesListViewModel.swift in Sources */ = {isa = PBXBuildFile; fileRef = 6A11503A2853282000FDEA42 /* CategoriesListViewModel.swift */; };
		6A11503F285328C100FDEA42 /* Fact.swift in Sources */ = {isa = PBXBuildFile; fileRef = 6A11503E285328C100FDEA42 /* Fact.swift */; };
		6A1150472853312700FDEA42 /* Assets.xcassets in Resources */ = {isa = PBXBuildFile; fileRef = 6A1150462853312700FDEA42 /* Assets.xcassets */; };
		6A11504A2853344A00FDEA42 /* UIImageView+Extensions.swift in Sources */ = {isa = PBXBuildFile; fileRef = 6A1150492853344A00FDEA42 /* UIImageView+Extensions.swift */; };
		6A11504F28533AFF00FDEA42 /* CategoryCollectionViewCell.swift in Sources */ = {isa = PBXBuildFile; fileRef = 6A11504D28533AFF00FDEA42 /* CategoryCollectionViewCell.swift */; };
		6A11505028533AFF00FDEA42 /* CategoryCollectionViewCell.xib in Resources */ = {isa = PBXBuildFile; fileRef = 6A11504E28533AFF00FDEA42 /* CategoryCollectionViewCell.xib */; };
/* End PBXBuildFile section */

/* Begin PBXFileReference section */
		6A1150192853242E00FDEA42 /* Words-Booster-iOS-TestTask.app */ = {isa = PBXFileReference; explicitFileType = wrapper.application; includeInIndex = 0; path = "Words-Booster-iOS-TestTask.app"; sourceTree = BUILT_PRODUCTS_DIR; };
		6A11501C2853242E00FDEA42 /* AppDelegate.swift */ = {isa = PBXFileReference; lastKnownFileType = sourcecode.swift; path = AppDelegate.swift; sourceTree = "<group>"; };
		6A11501E2853242E00FDEA42 /* SceneDelegate.swift */ = {isa = PBXFileReference; lastKnownFileType = sourcecode.swift; path = SceneDelegate.swift; sourceTree = "<group>"; };
		6A1150202853242E00FDEA42 /* CategoriesListViewController.swift */ = {isa = PBXFileReference; lastKnownFileType = sourcecode.swift; path = CategoriesListViewController.swift; sourceTree = "<group>"; };
		6A1150232853242E00FDEA42 /* Base */ = {isa = PBXFileReference; lastKnownFileType = file.storyboard; name = Base; path = Base.lproj/CategoriesListViewController.storyboard; sourceTree = "<group>"; };
		6A1150252853243700FDEA42 /* Icon.xcassets */ = {isa = PBXFileReference; lastKnownFileType = folder.assetcatalog; path = Icon.xcassets; sourceTree = "<group>"; };
		6A1150282853243700FDEA42 /* Base */ = {isa = PBXFileReference; lastKnownFileType = file.storyboard; name = Base; path = Base.lproj/LaunchScreen.storyboard; sourceTree = "<group>"; };
		6A11502A2853243700FDEA42 /* Info.plist */ = {isa = PBXFileReference; lastKnownFileType = text.plist.xml; path = Info.plist; sourceTree = "<group>"; };
		6A1150312853248100FDEA42 /* ios-challenge-words-booster.json */ = {isa = PBXFileReference; fileEncoding = 4; lastKnownFileType = text.json; path = "ios-challenge-words-booster.json"; sourceTree = "<group>"; };
		6A1150362853279200FDEA42 /* Colors.xcassets */ = {isa = PBXFileReference; lastKnownFileType = folder.assetcatalog; path = Colors.xcassets; sourceTree = "<group>"; };
		6A11503A2853282000FDEA42 /* CategoriesListViewModel.swift */ = {isa = PBXFileReference; lastKnownFileType = sourcecode.swift; path = CategoriesListViewModel.swift; sourceTree = "<group>"; };
		6A11503E285328C100FDEA42 /* Fact.swift */ = {isa = PBXFileReference; lastKnownFileType = sourcecode.swift; path = Fact.swift; sourceTree = "<group>"; };
		6A1150462853312700FDEA42 /* Assets.xcassets */ = {isa = PBXFileReference; lastKnownFileType = folder.assetcatalog; path = Assets.xcassets; sourceTree = "<group>"; };
		6A1150492853344A00FDEA42 /* UIImageView+Extensions.swift */ = {isa = PBXFileReference; lastKnownFileType = sourcecode.swift; path = "UIImageView+Extensions.swift"; sourceTree = "<group>"; };
		6A11504D28533AFF00FDEA42 /* CategoryCollectionViewCell.swift */ = {isa = PBXFileReference; lastKnownFileType = sourcecode.swift; path = CategoryCollectionViewCell.swift; sourceTree = "<group>"; };
		6A11504E28533AFF00FDEA42 /* CategoryCollectionViewCell.xib */ = {isa = PBXFileReference; lastKnownFileType = file.xib; path = CategoryCollectionViewCell.xib; sourceTree = "<group>"; };
/* End PBXFileReference section */

/* Begin PBXFrameworksBuildPhase section */
		6A1150162853242E00FDEA42 /* Frameworks */ = {
			isa = PBXFrameworksBuildPhase;
			buildActionMask = 2147483647;
			files = (
			);
			runOnlyForDeploymentPostprocessing = 0;
		};
/* End PBXFrameworksBuildPhase section */

/* Begin PBXGroup section */
		6A1150102853242E00FDEA42 = {
			isa = PBXGroup;
			children = (
				6A11501B2853242E00FDEA42 /* Words-Booster-iOS-TestTask */,
				6A11501A2853242E00FDEA42 /* Products */,
			);
			sourceTree = "<group>";
		};
		6A11501A2853242E00FDEA42 /* Products */ = {
			isa = PBXGroup;
			children = (
				6A1150192853242E00FDEA42 /* Words-Booster-iOS-TestTask.app */,
			);
			name = Products;
			sourceTree = "<group>";
		};
		6A11501B2853242E00FDEA42 /* Words-Booster-iOS-TestTask */ = {
			isa = PBXGroup;
			children = (
				6A115033285325E200FDEA42 /* Scenes */,
				6A1150302853246800FDEA42 /* Resources */,
				6A11501C2853242E00FDEA42 /* AppDelegate.swift */,
				6A11501E2853242E00FDEA42 /* SceneDelegate.swift */,
				6A1150272853243700FDEA42 /* LaunchScreen.storyboard */,
				6A11502A2853243700FDEA42 /* Info.plist */,
			);
			path = "Words-Booster-iOS-TestTask";
			sourceTree = "<group>";
		};
		6A1150302853246800FDEA42 /* Resources */ = {
			isa = PBXGroup;
			children = (
				6A1150352853276500FDEA42 /* Assets */,
			);
			path = Resources;
			sourceTree = "<group>";
		};
		6A115033285325E200FDEA42 /* Scenes */ = {
			isa = PBXGroup;
			children = (
				6A115051285344C800FDEA42 /* Facts */,
				6A1150342853260700FDEA42 /* Categories List */,
			);
			path = Scenes;
			sourceTree = "<group>";
		};
		6A1150342853260700FDEA42 /* Categories List */ = {
			isa = PBXGroup;
			children = (
				6A1150382853280200FDEA42 /* UI */,
				6A1150392853280C00FDEA42 /* Models */,
				6A11503C2853284300FDEA42 /* Value Objects */,
				6A1150482853342D00FDEA42 /* Extensions */,
				6A11503D2853286900FDEA42 /* Resources */,
			);
			path = "Categories List";
			sourceTree = "<group>";
		};
		6A1150352853276500FDEA42 /* Assets */ = {
			isa = PBXGroup;
			children = (
				6A1150252853243700FDEA42 /* Icon.xcassets */,
				6A1150362853279200FDEA42 /* Colors.xcassets */,
			);
			path = Assets;
			sourceTree = "<group>";
		};
		6A1150382853280200FDEA42 /* UI */ = {
			isa = PBXGroup;
			children = (
				6A11504128532F7C00FDEA42 /* Cells */,
				6A11504028532E1D00FDEA42 /* View Controllers */,
			);
			path = UI;
			sourceTree = "<group>";
		};
		6A1150392853280C00FDEA42 /* Models */ = {
			isa = PBXGroup;
			children = (
				6A11503A2853282000FDEA42 /* CategoriesListViewModel.swift */,
			);
			path = Models;
			sourceTree = "<group>";
		};
		6A11503C2853284300FDEA42 /* Value Objects */ = {
			isa = PBXGroup;
			children = (
				6A11503E285328C100FDEA42 /* Fact.swift */,
			);
			path = "Value Objects";
			sourceTree = "<group>";
		};
		6A11503D2853286900FDEA42 /* Resources */ = {
			isa = PBXGroup;
			children = (
				6A1150312853248100FDEA42 /* ios-challenge-words-booster.json */,
				6A1150462853312700FDEA42 /* Assets.xcassets */,
			);
			path = Resources;
			sourceTree = "<group>";
		};
		6A11504028532E1D00FDEA42 /* View Controllers */ = {
			isa = PBXGroup;
			children = (
				6A1150202853242E00FDEA42 /* CategoriesListViewController.swift */,
				6A1150222853242E00FDEA42 /* CategoriesListViewController.storyboard */,
			);
			path = "View Controllers";
			sourceTree = "<group>";
		};
		6A11504128532F7C00FDEA42 /* Cells */ = {
			isa = PBXGroup;
			children = (
				6A11504D28533AFF00FDEA42 /* CategoryCollectionViewCell.swift */,
				6A11504E28533AFF00FDEA42 /* CategoryCollectionViewCell.xib */,
			);
			path = Cells;
			sourceTree = "<group>";
		};
		6A1150482853342D00FDEA42 /* Extensions */ = {
			isa = PBXGroup;
			children = (
				6A1150492853344A00FDEA42 /* UIImageView+Extensions.swift */,
			);
			path = Extensions;
			sourceTree = "<group>";
		};
		6A115051285344C800FDEA42 /* Facts */ = {
			isa = PBXGroup;
			children = (
				6A115052285344D200FDEA42 /* UI */,
			);
			path = Facts;
			sourceTree = "<group>";
		};
		6A115052285344D200FDEA42 /* UI */ = {
			isa = PBXGroup;
			children = (
				6A115053285344D700FDEA42 /* View Controllers */,
			);
			path = UI;
			sourceTree = "<group>";
		};
		6A115053285344D700FDEA42 /* View Controllers */ = {
			isa = PBXGroup;
			children = (
			);
			path = "View Controllers";
			sourceTree = "<group>";
		};
/* End PBXGroup section */

/* Begin PBXNativeTarget section */
		6A1150182853242E00FDEA42 /* Words-Booster-iOS-TestTask */ = {
			isa = PBXNativeTarget;
			buildConfigurationList = 6A11502D2853243700FDEA42 /* Build configuration list for PBXNativeTarget "Words-Booster-iOS-TestTask" */;
			buildPhases = (
				6A1150152853242E00FDEA42 /* Sources */,
				6A1150162853242E00FDEA42 /* Frameworks */,
				6A1150172853242E00FDEA42 /* Resources */,
			);
			buildRules = (
			);
			dependencies = (
			);
			name = "Words-Booster-iOS-TestTask";
			productName = "Words-Booster-iOS-TestTask";
			productReference = 6A1150192853242E00FDEA42 /* Words-Booster-iOS-TestTask.app */;
			productType = "com.apple.product-type.application";
		};
/* End PBXNativeTarget section */

/* Begin PBXProject section */
		6A1150112853242E00FDEA42 /* Project object */ = {
			isa = PBXProject;
			attributes = {
				BuildIndependentTargetsInParallel = 1;
				LastSwiftUpdateCheck = 1330;
				LastUpgradeCheck = 1330;
				TargetAttributes = {
					6A1150182853242E00FDEA42 = {
						CreatedOnToolsVersion = 13.3.1;
					};
				};
			};
			buildConfigurationList = 6A1150142853242E00FDEA42 /* Build configuration list for PBXProject "Words-Booster-iOS-TestTask" */;
			compatibilityVersion = "Xcode 13.0";
			developmentRegion = en;
			hasScannedForEncodings = 0;
			knownRegions = (
				en,
				Base,
			);
			mainGroup = 6A1150102853242E00FDEA42;
			productRefGroup = 6A11501A2853242E00FDEA42 /* Products */;
			projectDirPath = "";
			projectRoot = "";
			targets = (
				6A1150182853242E00FDEA42 /* Words-Booster-iOS-TestTask */,
			);
		};
/* End PBXProject section */

/* Begin PBXResourcesBuildPhase section */
		6A1150172853242E00FDEA42 /* Resources */ = {
			isa = PBXResourcesBuildPhase;
			buildActionMask = 2147483647;
			files = (
				6A1150372853279200FDEA42 /* Colors.xcassets in Resources */,
				6A1150322853248100FDEA42 /* ios-challenge-words-booster.json in Resources */,
				6A1150292853243700FDEA42 /* LaunchScreen.storyboard in Resources */,
				6A11505028533AFF00FDEA42 /* CategoryCollectionViewCell.xib in Resources */,
				6A1150472853312700FDEA42 /* Assets.xcassets in Resources */,
				6A1150262853243700FDEA42 /* Icon.xcassets in Resources */,
				6A1150242853242E00FDEA42 /* CategoriesListViewController.storyboard in Resources */,
			);
			runOnlyForDeploymentPostprocessing = 0;
		};
/* End PBXResourcesBuildPhase section */

/* Begin PBXSourcesBuildPhase section */
		6A1150152853242E00FDEA42 /* Sources */ = {
			isa = PBXSourcesBuildPhase;
			buildActionMask = 2147483647;
			files = (
				6A11504F28533AFF00FDEA42 /* CategoryCollectionViewCell.swift in Sources */,
				6A1150212853242E00FDEA42 /* CategoriesListViewController.swift in Sources */,
				6A11504A2853344A00FDEA42 /* UIImageView+Extensions.swift in Sources */,
				6A11501D2853242E00FDEA42 /* AppDelegate.swift in Sources */,
				6A11503F285328C100FDEA42 /* Fact.swift in Sources */,
				6A11503B2853282000FDEA42 /* CategoriesListViewModel.swift in Sources */,
				6A11501F2853242E00FDEA42 /* SceneDelegate.swift in Sources */,
			);
			runOnlyForDeploymentPostprocessing = 0;
		};
/* End PBXSourcesBuildPhase section */

/* Begin PBXVariantGroup section */
		6A1150222853242E00FDEA42 /* CategoriesListViewController.storyboard */ = {
			isa = PBXVariantGroup;
			children = (
				6A1150232853242E00FDEA42 /* Base */,
			);
			name = CategoriesListViewController.storyboard;
			sourceTree = "<group>";
		};
		6A1150272853243700FDEA42 /* LaunchScreen.storyboard */ = {
			isa = PBXVariantGroup;
			children = (
				6A1150282853243700FDEA42 /* Base */,
			);
			name = LaunchScreen.storyboard;
			sourceTree = "<group>";
		};
/* End PBXVariantGroup section */

/* Begin XCBuildConfiguration section */
		6A11502B2853243700FDEA42 /* Debug */ = {
			isa = XCBuildConfiguration;
			buildSettings = {
				ALWAYS_SEARCH_USER_PATHS = NO;
				CLANG_ANALYZER_NONNULL = YES;
				CLANG_ANALYZER_NUMBER_OBJECT_CONVERSION = YES_AGGRESSIVE;
				CLANG_CXX_LANGUAGE_STANDARD = "gnu++17";
				CLANG_ENABLE_MODULES = YES;
				CLANG_ENABLE_OBJC_ARC = YES;
				CLANG_ENABLE_OBJC_WEAK = YES;
				CLANG_WARN_BLOCK_CAPTURE_AUTORELEASING = YES;
				CLANG_WARN_BOOL_CONVERSION = YES;
				CLANG_WARN_COMMA = YES;
				CLANG_WARN_CONSTANT_CONVERSION = YES;
				CLANG_WARN_DEPRECATED_OBJC_IMPLEMENTATIONS = YES;
				CLANG_WARN_DIRECT_OBJC_ISA_USAGE = YES_ERROR;
				CLANG_WARN_DOCUMENTATION_COMMENTS = YES;
				CLANG_WARN_EMPTY_BODY = YES;
				CLANG_WARN_ENUM_CONVERSION = YES;
				CLANG_WARN_INFINITE_RECURSION = YES;
				CLANG_WARN_INT_CONVERSION = YES;
				CLANG_WARN_NON_LITERAL_NULL_CONVERSION = YES;
				CLANG_WARN_OBJC_IMPLICIT_RETAIN_SELF = YES;
				CLANG_WARN_OBJC_LITERAL_CONVERSION = YES;
				CLANG_WARN_OBJC_ROOT_CLASS = YES_ERROR;
				CLANG_WARN_QUOTED_INCLUDE_IN_FRAMEWORK_HEADER = YES;
				CLANG_WARN_RANGE_LOOP_ANALYSIS = YES;
				CLANG_WARN_STRICT_PROTOTYPES = YES;
				CLANG_WARN_SUSPICIOUS_MOVE = YES;
				CLANG_WARN_UNGUARDED_AVAILABILITY = YES_AGGRESSIVE;
				CLANG_WARN_UNREACHABLE_CODE = YES;
				CLANG_WARN__DUPLICATE_METHOD_MATCH = YES;
				COPY_PHASE_STRIP = NO;
				DEBUG_INFORMATION_FORMAT = dwarf;
				ENABLE_STRICT_OBJC_MSGSEND = YES;
				ENABLE_TESTABILITY = YES;
				GCC_C_LANGUAGE_STANDARD = gnu11;
				GCC_DYNAMIC_NO_PIC = NO;
				GCC_NO_COMMON_BLOCKS = YES;
				GCC_OPTIMIZATION_LEVEL = 0;
				GCC_PREPROCESSOR_DEFINITIONS = (
					"DEBUG=1",
					"$(inherited)",
				);
				GCC_WARN_64_TO_32_BIT_CONVERSION = YES;
				GCC_WARN_ABOUT_RETURN_TYPE = YES_ERROR;
				GCC_WARN_UNDECLARED_SELECTOR = YES;
				GCC_WARN_UNINITIALIZED_AUTOS = YES_AGGRESSIVE;
				GCC_WARN_UNUSED_FUNCTION = YES;
				GCC_WARN_UNUSED_VARIABLE = YES;
				IPHONEOS_DEPLOYMENT_TARGET = 15.4;
				MTL_ENABLE_DEBUG_INFO = INCLUDE_SOURCE;
				MTL_FAST_MATH = YES;
				ONLY_ACTIVE_ARCH = YES;
				SDKROOT = iphoneos;
				SWIFT_ACTIVE_COMPILATION_CONDITIONS = DEBUG;
				SWIFT_OPTIMIZATION_LEVEL = "-Onone";
			};
			name = Debug;
		};
		6A11502C2853243700FDEA42 /* Release */ = {
			isa = XCBuildConfiguration;
			buildSettings = {
				ALWAYS_SEARCH_USER_PATHS = NO;
				CLANG_ANALYZER_NONNULL = YES;
				CLANG_ANALYZER_NUMBER_OBJECT_CONVERSION = YES_AGGRESSIVE;
				CLANG_CXX_LANGUAGE_STANDARD = "gnu++17";
				CLANG_ENABLE_MODULES = YES;
				CLANG_ENABLE_OBJC_ARC = YES;
				CLANG_ENABLE_OBJC_WEAK = YES;
				CLANG_WARN_BLOCK_CAPTURE_AUTORELEASING = YES;
				CLANG_WARN_BOOL_CONVERSION = YES;
				CLANG_WARN_COMMA = YES;
				CLANG_WARN_CONSTANT_CONVERSION = YES;
				CLANG_WARN_DEPRECATED_OBJC_IMPLEMENTATIONS = YES;
				CLANG_WARN_DIRECT_OBJC_ISA_USAGE = YES_ERROR;
				CLANG_WARN_DOCUMENTATION_COMMENTS = YES;
				CLANG_WARN_EMPTY_BODY = YES;
				CLANG_WARN_ENUM_CONVERSION = YES;
				CLANG_WARN_INFINITE_RECURSION = YES;
				CLANG_WARN_INT_CONVERSION = YES;
				CLANG_WARN_NON_LITERAL_NULL_CONVERSION = YES;
				CLANG_WARN_OBJC_IMPLICIT_RETAIN_SELF = YES;
				CLANG_WARN_OBJC_LITERAL_CONVERSION = YES;
				CLANG_WARN_OBJC_ROOT_CLASS = YES_ERROR;
				CLANG_WARN_QUOTED_INCLUDE_IN_FRAMEWORK_HEADER = YES;
				CLANG_WARN_RANGE_LOOP_ANALYSIS = YES;
				CLANG_WARN_STRICT_PROTOTYPES = YES;
				CLANG_WARN_SUSPICIOUS_MOVE = YES;
				CLANG_WARN_UNGUARDED_AVAILABILITY = YES_AGGRESSIVE;
				CLANG_WARN_UNREACHABLE_CODE = YES;
				CLANG_WARN__DUPLICATE_METHOD_MATCH = YES;
				COPY_PHASE_STRIP = NO;
				DEBUG_INFORMATION_FORMAT = "dwarf-with-dsym";
				ENABLE_NS_ASSERTIONS = NO;
				ENABLE_STRICT_OBJC_MSGSEND = YES;
				GCC_C_LANGUAGE_STANDARD = gnu11;
				GCC_NO_COMMON_BLOCKS = YES;
				GCC_WARN_64_TO_32_BIT_CONVERSION = YES;
				GCC_WARN_ABOUT_RETURN_TYPE = YES_ERROR;
				GCC_WARN_UNDECLARED_SELECTOR = YES;
				GCC_WARN_UNINITIALIZED_AUTOS = YES_AGGRESSIVE;
				GCC_WARN_UNUSED_FUNCTION = YES;
				GCC_WARN_UNUSED_VARIABLE = YES;
				IPHONEOS_DEPLOYMENT_TARGET = 15.4;
				MTL_ENABLE_DEBUG_INFO = NO;
				MTL_FAST_MATH = YES;
				SDKROOT = iphoneos;
				SWIFT_COMPILATION_MODE = wholemodule;
				SWIFT_OPTIMIZATION_LEVEL = "-O";
				VALIDATE_PRODUCT = YES;
			};
			name = Release;
		};
		6A11502E2853243700FDEA42 /* Debug */ = {
			isa = XCBuildConfiguration;
			buildSettings = {
				ASSETCATALOG_COMPILER_APPICON_NAME = AppIcon;
				ASSETCATALOG_COMPILER_GLOBAL_ACCENT_COLOR_NAME = AccentColor;
				CODE_SIGN_STYLE = Automatic;
				CURRENT_PROJECT_VERSION = 1;
				DEVELOPMENT_TEAM = UNAS3C47R8;
				GENERATE_INFOPLIST_FILE = YES;
				INFOPLIST_FILE = "Words-Booster-iOS-TestTask/Info.plist";
				INFOPLIST_KEY_UIApplicationSupportsIndirectInputEvents = YES;
				INFOPLIST_KEY_UILaunchStoryboardName = LaunchScreen;
				INFOPLIST_KEY_UIMainStoryboardFile = CategoriesListViewController;
				INFOPLIST_KEY_UISupportedInterfaceOrientations = UIInterfaceOrientationPortrait;
				INFOPLIST_KEY_UISupportedInterfaceOrientations_iPad = "UIInterfaceOrientationPortrait UIInterfaceOrientationPortraitUpsideDown UIInterfaceOrientationLandscapeLeft UIInterfaceOrientationLandscapeRight";
				INFOPLIST_KEY_UISupportedInterfaceOrientations_iPhone = "UIInterfaceOrientationPortrait UIInterfaceOrientationLandscapeLeft UIInterfaceOrientationLandscapeRight";
				LD_RUNPATH_SEARCH_PATHS = (
					"$(inherited)",
					"@executable_path/Frameworks",
				);
				MARKETING_VERSION = 1.0;
				PRODUCT_BUNDLE_IDENTIFIER = "com.dirayser.Words-Booster-iOS-TestTask";
				PRODUCT_NAME = "$(TARGET_NAME)";
				SWIFT_EMIT_LOC_STRINGS = YES;
				SWIFT_VERSION = 5.0;
				TARGETED_DEVICE_FAMILY = "1,2";
			};
			name = Debug;
		};
		6A11502F2853243700FDEA42 /* Release */ = {
			isa = XCBuildConfiguration;
			buildSettings = {
				ASSETCATALOG_COMPILER_APPICON_NAME = AppIcon;
				ASSETCATALOG_COMPILER_GLOBAL_ACCENT_COLOR_NAME = AccentColor;
				CODE_SIGN_STYLE = Automatic;
				CURRENT_PROJECT_VERSION = 1;
				DEVELOPMENT_TEAM = UNAS3C47R8;
				GENERATE_INFOPLIST_FILE = YES;
				INFOPLIST_FILE = "Words-Booster-iOS-TestTask/Info.plist";
				INFOPLIST_KEY_UIApplicationSupportsIndirectInputEvents = YES;
				INFOPLIST_KEY_UILaunchStoryboardName = LaunchScreen;
				INFOPLIST_KEY_UIMainStoryboardFile = CategoriesListViewController;
				INFOPLIST_KEY_UISupportedInterfaceOrientations = UIInterfaceOrientationPortrait;
				INFOPLIST_KEY_UISupportedInterfaceOrientations_iPad = "UIInterfaceOrientationPortrait UIInterfaceOrientationPortraitUpsideDown UIInterfaceOrientationLandscapeLeft UIInterfaceOrientationLandscapeRight";
				INFOPLIST_KEY_UISupportedInterfaceOrientations_iPhone = "UIInterfaceOrientationPortrait UIInterfaceOrientationLandscapeLeft UIInterfaceOrientationLandscapeRight";
				LD_RUNPATH_SEARCH_PATHS = (
					"$(inherited)",
					"@executable_path/Frameworks",
				);
				MARKETING_VERSION = 1.0;
				PRODUCT_BUNDLE_IDENTIFIER = "com.dirayser.Words-Booster-iOS-TestTask";
				PRODUCT_NAME = "$(TARGET_NAME)";
				SWIFT_EMIT_LOC_STRINGS = YES;
				SWIFT_VERSION = 5.0;
				TARGETED_DEVICE_FAMILY = "1,2";
			};
			name = Release;
		};
/* End XCBuildConfiguration section */

/* Begin XCConfigurationList section */
		6A1150142853242E00FDEA42 /* Build configuration list for PBXProject "Words-Booster-iOS-TestTask" */ = {
			isa = XCConfigurationList;
			buildConfigurations = (
				6A11502B2853243700FDEA42 /* Debug */,
				6A11502C2853243700FDEA42 /* Release */,
			);
			defaultConfigurationIsVisible = 0;
			defaultConfigurationName = Release;
		};
		6A11502D2853243700FDEA42 /* Build configuration list for PBXNativeTarget "Words-Booster-iOS-TestTask" */ = {
			isa = XCConfigurationList;
			buildConfigurations = (
				6A11502E2853243700FDEA42 /* Debug */,
				6A11502F2853243700FDEA42 /* Release */,
			);
			defaultConfigurationIsVisible = 0;
			defaultConfigurationName = Release;
		};
/* End XCConfigurationList section */
	};
	rootObject = 6A1150112853242E00FDEA42 /* Project object */;
}
